
Microsoft Visual Studio Solution File, Format Version 12.00
# Visual Studio 14
VisualStudioVersion = 14.0.25420.1
MinimumVisualStudioVersion = 10.0.40219.1
Project("{FAE04EC0-301F-11D3-BF4B-00C04F79EFBC}") = "GenGuidDate", "GenGuidDate\GenGuidDate.csproj", "{56AAC134-D295-4427-960D-3D37485BCC1D}"
EndProject
Project("{FAE04EC0-301F-11D3-BF4B-00C04F79EFBC}") = "Common", "Common\Common.csproj", "{837EEA5B-FBCF-4F92-8811-313C621372EE}"
EndProject
Global
	GlobalSection(SolutionConfigurationPlatforms) = preSolution
		Debug|Any CPU = Debug|Any CPU
		Release|Any CPU = Release|Any CPU
	EndGlobalSection
	GlobalSection(ProjectConfigurationPlatforms) = postSolution
		{56AAC134-D295-4427-960D-3D37485BCC1D}.Debug|Any CPU.ActiveCfg = Debug|Any CPU
		{56AAC134-D295-4427-960D-3D37485BCC1D}.Debug|Any CPU.Build.0 = Debug|Any CPU
		{56AAC134-D295-4427-960D-3D37485BCC1D}.Release|Any CPU.ActiveCfg = Release|Any CPU
		{56AAC134-D295-4427-960D-3D37485BCC1D}.Release|Any CPU.Build.0 = Release|Any CPU
		{837EEA5B-FBCF-4F92-8811-313C621372EE}.Debug|Any CPU.ActiveCfg = Debug|Any CPU
		{837EEA5B-FBCF-4F92-8811-313C621372EE}.Debug|Any CPU.Build.0 = Debug|Any CPU
		{837EEA5B-FBCF-4F92-8811-313C621372EE}.Release|Any CPU.ActiveCfg = Release|Any CPU
		{837EEA5B-FBCF-4F92-8811-313C621372EE}.Release|Any CPU.Build.0 = Release|Any CPU
	EndGlobalSection
	GlobalSection(SolutionProperties) = preSolution
		HideSolutionNode = FALSE
	EndGlobalSection
EndGlobal
